
Microsoft Visual Studio Solution File, Format Version 12.00
# Visual Studio 15
VisualStudioVersion = 15.0.28307.539
MinimumVisualStudioVersion = 10.0.40219.1
Project("{888888A0-9F3D-457C-B088-3A5042F75D52}") = "runner", "runner.pyproj", "{1BBC824F-E02F-4E05-AF63-615CDA90775D}"
EndProject
Global
	GlobalSection(SolutionConfigurationPlatforms) = preSolution
		Debug|Any CPU = Debug|Any CPU
		Release|Any CPU = Release|Any CPU
	EndGlobalSection
	GlobalSection(ProjectConfigurationPlatforms) = postSolution
		{1BBC824F-E02F-4E05-AF63-615CDA90775D}.Debug|Any CPU.ActiveCfg = Debug|Any CPU
		{1BBC824F-E02F-4E05-AF63-615CDA90775D}.Release|Any CPU.ActiveCfg = Release|Any CPU
	EndGlobalSection
	GlobalSection(SolutionProperties) = preSolution
		HideSolutionNode = FALSE
	EndGlobalSection
	GlobalSection(ExtensibilityGlobals) = postSolution
		SolutionGuid = {89E5CEDA-E775-47D8-A06D-5C5FFC3976FE}
	EndGlobalSection
EndGlobal
